
Microsoft Visual Studio Solution File, Format Version 12.00
# Visual Studio Version 16
VisualStudioVersion = 16.0.28729.10
MinimumVisualStudioVersion = 10.0.40219.1
Project("{9A19103F-16F7-4668-BE54-9A1E7A4F7556}") = "ravi.learn.docker.web", "ravi.learn.docker.web\ravi.learn.docker.web.csproj", "{4F4E5D5B-119E-4762-8356-051AC95938DF}"
EndProject
Project("{E53339B2-1760-4266-BCC7-CA923CBCF16C}") = "docker-compose", "docker-compose.dcproj", "{1E95EEBE-2CB7-4AE3-A19D-80A6CBD1F9EC}"
EndProject
Global
	GlobalSection(SolutionConfigurationPlatforms) = preSolution
		Debug|Any CPU = Debug|Any CPU
		Release|Any CPU = Release|Any CPU
	EndGlobalSection
	GlobalSection(ProjectConfigurationPlatforms) = postSolution
		{4F4E5D5B-119E-4762-8356-051AC95938DF}.Debug|Any CPU.ActiveCfg = Debug|Any CPU
		{4F4E5D5B-119E-4762-8356-051AC95938DF}.Debug|Any CPU.Build.0 = Debug|Any CPU
		{4F4E5D5B-119E-4762-8356-051AC95938DF}.Release|Any CPU.ActiveCfg = Release|Any CPU
		{4F4E5D5B-119E-4762-8356-051AC95938DF}.Release|Any CPU.Build.0 = Release|Any CPU
		{1E95EEBE-2CB7-4AE3-A19D-80A6CBD1F9EC}.Debug|Any CPU.ActiveCfg = Debug|Any CPU
		{1E95EEBE-2CB7-4AE3-A19D-80A6CBD1F9EC}.Debug|Any CPU.Build.0 = Debug|Any CPU
		{1E95EEBE-2CB7-4AE3-A19D-80A6CBD1F9EC}.Release|Any CPU.ActiveCfg = Release|Any CPU
		{1E95EEBE-2CB7-4AE3-A19D-80A6CBD1F9EC}.Release|Any CPU.Build.0 = Release|Any CPU
	EndGlobalSection
	GlobalSection(SolutionProperties) = preSolution
		HideSolutionNode = FALSE
	EndGlobalSection
	GlobalSection(ExtensibilityGlobals) = postSolution
		SolutionGuid = {214227FC-8B07-4E10-BF41-AE04E4C762BB}
	EndGlobalSection
EndGlobal
